
Microsoft Visual Studio Solution File, Format Version 12.00
# Visual Studio Version 16
VisualStudioVersion = 16.0.28803.156
MinimumVisualStudioVersion = 10.0.40219.1
Project("{FAE04EC0-301F-11D3-BF4B-00C04F79EFBC}") = "WebView.Android", "WebView\WebView.Android\WebView.Android.csproj", "{5BB43D29-BBF1-44C4-9E7C-88E795837270}"
EndProject
Project("{FAE04EC0-301F-11D3-BF4B-00C04F79EFBC}") = "WebView", "WebView\WebView\WebView.csproj", "{D4E8BFAE-1063-4CCD-BC38-4DAE218EBF81}"
EndProject
Global
	GlobalSection(SolutionConfigurationPlatforms) = preSolution
		Debug|Any CPU = Debug|Any CPU
		Release|Any CPU = Release|Any CPU
	EndGlobalSection
	GlobalSection(ProjectConfigurationPlatforms) = postSolution
		{5BB43D29-BBF1-44C4-9E7C-88E795837270}.Debug|Any CPU.ActiveCfg = Debug|Any CPU
		{5BB43D29-BBF1-44C4-9E7C-88E795837270}.Debug|Any CPU.Build.0 = Debug|Any CPU
		{5BB43D29-BBF1-44C4-9E7C-88E795837270}.Debug|Any CPU.Deploy.0 = Debug|Any CPU
		{5BB43D29-BBF1-44C4-9E7C-88E795837270}.Release|Any CPU.ActiveCfg = Release|Any CPU
		{5BB43D29-BBF1-44C4-9E7C-88E795837270}.Release|Any CPU.Build.0 = Release|Any CPU
		{5BB43D29-BBF1-44C4-9E7C-88E795837270}.Release|Any CPU.Deploy.0 = Release|Any CPU
		{D4E8BFAE-1063-4CCD-BC38-4DAE218EBF81}.Debug|Any CPU.ActiveCfg = Debug|Any CPU
		{D4E8BFAE-1063-4CCD-BC38-4DAE218EBF81}.Debug|Any CPU.Build.0 = Debug|Any CPU
		{D4E8BFAE-1063-4CCD-BC38-4DAE218EBF81}.Debug|Any CPU.Deploy.0 = Debug|Any CPU
		{D4E8BFAE-1063-4CCD-BC38-4DAE218EBF81}.Release|Any CPU.ActiveCfg = Release|Any CPU
		{D4E8BFAE-1063-4CCD-BC38-4DAE218EBF81}.Release|Any CPU.Build.0 = Release|Any CPU
		{D4E8BFAE-1063-4CCD-BC38-4DAE218EBF81}.Release|Any CPU.Deploy.0 = Release|Any CPU
	EndGlobalSection
	GlobalSection(SolutionProperties) = preSolution
		HideSolutionNode = FALSE
	EndGlobalSection
	GlobalSection(ExtensibilityGlobals) = postSolution
		SolutionGuid = {CE0067F5-3F75-444C-8A9B-85CB34A36330}
	EndGlobalSection
EndGlobal
